
Microsoft Visual Studio Solution File, Format Version 12.00
# Visual Studio Version 18
VisualStudioVersion = 18.6.11806.211 stable
MinimumVisualStudioVersion = 10.0.40219.1
Project("{8BC9CEB8-8B4A-11D0-8D11-00A0C91BC942}") = "00_02_cmdUI", "00.cmdGameEngine\00_02_cmdUI\cmdUI.vcxitems", "{D993DE10-A6B7-4A86-94E5-4DDCEA32BE8E}"
EndProject
Project("{2150E333-8FDC-42A3-9474-1A3956D46DE8}") = "00_GameEngine", "00_GameEngine", "{C8D5274F-AC00-46C7-1F8D-E88E81087A52}"
EndProject
Project("{8BC9CEB8-8B4A-11D0-8D11-00A0C91BC942}") = "00_03_cmdUtil", "00.cmdGameEngine\00_03_cmdUtil\cmdUtil.vcxitems", "{3B0A19F6-E3E6-450C-B44E-DDFB172CB0EA}"
EndProject
Project("{8BC9CEB8-8B4A-11D0-8D11-00A0C91BC942}") = "fmodSound", "00.cmdGameEngine\fmodSound_Lib\fmodSound.vcxitems", "{C1B98606-B128-421F-8D3B-E1B022261627}"
EndProject
Project("{2150E333-8FDC-42A3-9474-1A3956D46DE8}") = "01_Example", "01_Example", "{7781621E-D8DD-4BD5-A09A-DEB8E5843FCD}"
EndProject
Project("{8BC9CEB8-8B4A-11D0-8D11-00A0C91BC942}") = "00_01_cmdCommon", "00.cmdGameEngine\00_01_cmdCommon\cmdCommon.vcxitems", "{17E666F0-4E07-4D72-9E07-04471333AC12}"
EndProject
Project("{8BC9CEB8-8B4A-11D0-8D11-00A0C91BC942}") = "01_02_Input_GameLoop_Exit", "01_cmdGameEngineExample\01_02_Input_GameLoop_Exit\01_02_Input_GameLoop_Exit.vcxproj", "{127339A3-940B-403A-AE16-12713EFFCB48}"
EndProject
Project("{8BC9CEB8-8B4A-11D0-8D11-00A0C91BC942}") = "01_03_Input_Mouse_Button", "01_cmdGameEngineExample\01_03_Input_Mouse_Button\01_03_Input_Mouse_Button.vcxproj", "{08D569F3-ADE3-4AF7-A0AE-29DFC4DE1E39}"
EndProject
Project("{8BC9CEB8-8B4A-11D0-8D11-00A0C91BC942}") = "01_01_GameLoop_ScreenBuffer", "01_cmdGameEngineExample\01_01_GameLoop_ScreenBuffer\01_01_GameLoop_ScreenBuffer.vcxproj", "{94514A31-1067-4FDA-915F-72EC657DC478}"
EndProject
Project("{8BC9CEB8-8B4A-11D0-8D11-00A0C91BC942}") = "01_05_Time_DeltaTime", "01_cmdGameEngineExample\01_05_Time_DeltaTime\01_05_Time_DeltaTime.vcxproj", "{07F7BA0D-E0F3-422E-B23D-E812F69AB973}"
EndProject
Project("{8BC9CEB8-8B4A-11D0-8D11-00A0C91BC942}") = "01_04_Time_FrameLimit", "01_cmdGameEngineExample\01_04_Time_FrameLimit\01_04_Time_FrameLimit.vcxproj", "{74675DCA-9E6F-44BA-BBAC-E12457397613}"
EndProject
Global
	GlobalSection(SolutionConfigurationPlatforms) = preSolution
		Debug|x64 = Debug|x64
		Debug|x86 = Debug|x86
		Release|x64 = Release|x64
		Release|x86 = Release|x86
	EndGlobalSection
	GlobalSection(ProjectConfigurationPlatforms) = postSolution
		{127339A3-940B-403A-AE16-12713EFFCB48}.Debug|x64.ActiveCfg = Debug|x64
		{127339A3-940B-403A-AE16-12713EFFCB48}.Debug|x64.Build.0 = Debug|x64
		{127339A3-940B-403A-AE16-12713EFFCB48}.Debug|x86.ActiveCfg = Debug|Win32
		{127339A3-940B-403A-AE16-12713EFFCB48}.Debug|x86.Build.0 = Debug|Win32
		{127339A3-940B-403A-AE16-12713EFFCB48}.Release|x64.ActiveCfg = Release|x64
		{127339A3-940B-403A-AE16-12713EFFCB48}.Release|x64.Build.0 = Release|x64
		{127339A3-940B-403A-AE16-12713EFFCB48}.Release|x86.ActiveCfg = Release|Win32
		{127339A3-940B-403A-AE16-12713EFFCB48}.Release|x86.Build.0 = Release|Win32
		{08D569F3-ADE3-4AF7-A0AE-29DFC4DE1E39}.Debug|x64.ActiveCfg = Debug|x64
		{08D569F3-ADE3-4AF7-A0AE-29DFC4DE1E39}.Debug|x64.Build.0 = Debug|x64
		{08D569F3-ADE3-4AF7-A0AE-29DFC4DE1E39}.Debug|x86.ActiveCfg = Debug|Win32
		{08D569F3-ADE3-4AF7-A0AE-29DFC4DE1E39}.Debug|x86.Build.0 = Debug|Win32
		{08D569F3-ADE3-4AF7-A0AE-29DFC4DE1E39}.Release|x64.ActiveCfg = Release|x64
		{08D569F3-ADE3-4AF7-A0AE-29DFC4DE1E39}.Release|x64.Build.0 = Release|x64
		{08D569F3-ADE3-4AF7-A0AE-29DFC4DE1E39}.Release|x86.ActiveCfg = Release|Win32
		{08D569F3-ADE3-4AF7-A0AE-29DFC4DE1E39}.Release|x86.Build.0 = Release|Win32
		{94514A31-1067-4FDA-915F-72EC657DC478}.Debug|x64.ActiveCfg = Debug|x64
		{94514A31-1067-4FDA-915F-72EC657DC478}.Debug|x64.Build.0 = Debug|x64
		{94514A31-1067-4FDA-915F-72EC657DC478}.Debug|x86.ActiveCfg = Debug|Win32
		{94514A31-1067-4FDA-915F-72EC657DC478}.Debug|x86.Build.0 = Debug|Win32
		{94514A31-1067-4FDA-915F-72EC657DC478}.Release|x64.ActiveCfg = Release|x64
		{94514A31-1067-4FDA-915F-72EC657DC478}.Release|x64.Build.0 = Release|x64
		{94514A31-1067-4FDA-915F-72EC657DC478}.Release|x86.ActiveCfg = Release|Win32
		{94514A31-1067-4FDA-915F-72EC657DC478}.Release|x86.Build.0 = Release|Win32
		{07F7BA0D-E0F3-422E-B23D-E812F69AB973}.Debug|x64.ActiveCfg = Debug|x64
		{07F7BA0D-E0F3-422E-B23D-E812F69AB973}.Debug|x64.Build.0 = Debug|x64
		{07F7BA0D-E0F3-422E-B23D-E812F69AB973}.Debug|x86.ActiveCfg = Debug|Win32
		{07F7BA0D-E0F3-422E-B23D-E812F69AB973}.Debug|x86.Build.0 = Debug|Win32
		{07F7BA0D-E0F3-422E-B23D-E812F69AB973}.Release|x64.ActiveCfg = Release|x64
		{07F7BA0D-E0F3-422E-B23D-E812F69AB973}.Release|x64.Build.0 = Release|x64
		{07F7BA0D-E0F3-422E-B23D-E812F69AB973}.Release|x86.ActiveCfg = Release|Win32
		{07F7BA0D-E0F3-422E-B23D-E812F69AB973}.Release|x86.Build.0 = Release|Win32
		{74675DCA-9E6F-44BA-BBAC-E12457397613}.Debug|x64.ActiveCfg = Debug|x64
		{74675DCA-9E6F-44BA-BBAC-E12457397613}.Debug|x64.Build.0 = Debug|x64
		{74675DCA-9E6F-44BA-BBAC-E12457397613}.Debug|x86.ActiveCfg = Debug|Win32
		{74675DCA-9E6F-44BA-BBAC-E12457397613}.Debug|x86.Build.0 = Debug|Win32
		{74675DCA-9E6F-44BA-BBAC-E12457397613}.Release|x64.ActiveCfg = Release|x64
		{74675DCA-9E6F-44BA-BBAC-E12457397613}.Release|x64.Build.0 = Release|x64
		{74675DCA-9E6F-44BA-BBAC-E12457397613}.Release|x86.ActiveCfg = Release|Win32
		{74675DCA-9E6F-44BA-BBAC-E12457397613}.Release|x86.Build.0 = Release|Win32
	EndGlobalSection
	GlobalSection(SolutionProperties) = preSolution
		HideSolutionNode = FALSE
	EndGlobalSection
	GlobalSection(NestedProjects) = preSolution
		{D993DE10-A6B7-4A86-94E5-4DDCEA32BE8E} = {C8D5274F-AC00-46C7-1F8D-E88E81087A52}
		{3B0A19F6-E3E6-450C-B44E-DDFB172CB0EA} = {C8D5274F-AC00-46C7-1F8D-E88E81087A52}
		{C1B98606-B128-421F-8D3B-E1B022261627} = {C8D5274F-AC00-46C7-1F8D-E88E81087A52}
		{17E666F0-4E07-4D72-9E07-04471333AC12} = {C8D5274F-AC00-46C7-1F8D-E88E81087A52}
		{127339A3-940B-403A-AE16-12713EFFCB48} = {7781621E-D8DD-4BD5-A09A-DEB8E5843FCD}
		{08D569F3-ADE3-4AF7-A0AE-29DFC4DE1E39} = {7781621E-D8DD-4BD5-A09A-DEB8E5843FCD}
		{94514A31-1067-4FDA-915F-72EC657DC478} = {7781621E-D8DD-4BD5-A09A-DEB8E5843FCD}
		{07F7BA0D-E0F3-422E-B23D-E812F69AB973} = {7781621E-D8DD-4BD5-A09A-DEB8E5843FCD}
		{74675DCA-9E6F-44BA-BBAC-E12457397613} = {7781621E-D8DD-4BD5-A09A-DEB8E5843FCD}
	EndGlobalSection
	GlobalSection(ExtensibilityGlobals) = postSolution
		SolutionGuid = {3B84B3A9-0D6D-43AF-B12F-BD0A41721FE0}
	EndGlobalSection
	GlobalSection(SharedMSBuildProjectFiles) = preSolution
		00.cmdGameEngine\00_01_cmdCommon\cmdCommon.vcxitems*{07f7ba0d-e0f3-422e-b23d-e812f69ab973}*SharedItemsImports = 4
		00.cmdGameEngine\00_02_cmdUI\cmdUI.vcxitems*{07f7ba0d-e0f3-422e-b23d-e812f69ab973}*SharedItemsImports = 4
		00.cmdGameEngine\00_03_cmdUtil\cmdUtil.vcxitems*{07f7ba0d-e0f3-422e-b23d-e812f69ab973}*SharedItemsImports = 4
		00.cmdGameEngine\00_01_cmdCommon\cmdCommon.vcxitems*{08d569f3-ade3-4af7-a0ae-29dfc4de1e39}*SharedItemsImports = 4
		00.cmdGameEngine\00_02_cmdUI\cmdUI.vcxitems*{08d569f3-ade3-4af7-a0ae-29dfc4de1e39}*SharedItemsImports = 4
		00.cmdGameEngine\00_03_cmdUtil\cmdUtil.vcxitems*{08d569f3-ade3-4af7-a0ae-29dfc4de1e39}*SharedItemsImports = 4
		00.cmdGameEngine\00_01_cmdCommon\cmdCommon.vcxitems*{127339a3-940b-403a-ae16-12713effcb48}*SharedItemsImports = 4
		00.cmdGameEngine\00_01_cmdCommon\cmdCommon.vcxitems*{17e666f0-4e07-4d72-9e07-04471333ac12}*SharedItemsImports = 9
		00.cmdGameEngine\00_03_cmdUtil\cmdUtil.vcxitems*{3b0a19f6-e3e6-450c-b44e-ddfb172cb0ea}*SharedItemsImports = 9
		00.cmdGameEngine\00_01_cmdCommon\cmdCommon.vcxitems*{74675dca-9e6f-44ba-bbac-e12457397613}*SharedItemsImports = 4
		00.cmdGameEngine\00_02_cmdUI\cmdUI.vcxitems*{74675dca-9e6f-44ba-bbac-e12457397613}*SharedItemsImports = 4
		00.cmdGameEngine\00_03_cmdUtil\cmdUtil.vcxitems*{74675dca-9e6f-44ba-bbac-e12457397613}*SharedItemsImports = 4
		00.cmdGameEngine\00_01_cmdCommon\cmdCommon.vcxitems*{94514a31-1067-4fda-915f-72ec657dc478}*SharedItemsImports = 4
		00.cmdGameEngine\fmodSound_Lib\fmodSound.vcxitems*{c1b98606-b128-421f-8d3b-e1b022261627}*SharedItemsImports = 9
		00.cmdGameEngine\00_02_cmdUI\cmdUI.vcxitems*{d993de10-a6b7-4a86-94e5-4ddcea32be8e}*SharedItemsImports = 9
	EndGlobalSection
EndGlobal
